
Microsoft Visual Studio Solution File, Format Version 12.00
# Visual Studio Version 17
VisualStudioVersion = 17.7.34031.279
MinimumVisualStudioVersion = 10.0.40219.1
Project("{FAE04EC0-301F-11D3-BF4B-00C04F79EFBC}") = "Menu", "Menu\Menu.csproj", "{C769AFB0-AA8A-4972-BD6A-A8A8543C8A86}"
EndProject
Global
	GlobalSection(SolutionConfigurationPlatforms) = preSolution
		Debug|Any CPU = Debug|Any CPU
		Release|Any CPU = Release|Any CPU
	EndGlobalSection
	GlobalSection(ProjectConfigurationPlatforms) = postSolution
		{C769AFB0-AA8A-4972-BD6A-A8A8543C8A86}.Debug|Any CPU.ActiveCfg = Debug|Any CPU
		{C769AFB0-AA8A-4972-BD6A-A8A8543C8A86}.Debug|Any CPU.Build.0 = Debug|Any CPU
		{C769AFB0-AA8A-4972-BD6A-A8A8543C8A86}.Release|Any CPU.ActiveCfg = Release|Any CPU
		{C769AFB0-AA8A-4972-BD6A-A8A8543C8A86}.Release|Any CPU.Build.0 = Release|Any CPU
	EndGlobalSection
	GlobalSection(SolutionProperties) = preSolution
		HideSolutionNode = FALSE
	EndGlobalSection
	GlobalSection(ExtensibilityGlobals) = postSolution
		SolutionGuid = {490EDC46-FD74-43BA-80CE-5600917BFAE5}
	EndGlobalSection
EndGlobal
